// !$*UTF8*$!
{
	archiveVersion = 1;
	classes = {
	};
	objectVersion = 46;
	objects = {

/* Begin PBXBuildFile section */
		14DF48EE2FB942B9A2EADEF4 /* libPods-YourCall.a in Frameworks */ = {isa = PBXBuildFile; fileRef = 20C7670A8EC84AD0A1CBA987 /* libPods-YourCall.a */; };
		B616D3FB191ECBA100E97162 /* placeholder.jpg in Resources */ = {isa = PBXBuildFile; fileRef = B616D3FA191ECBA100E97162 /* placeholder.jpg */; };
		B62D297C191F43B000BA9273 /* MenuTableViewController.m in Sources */ = {isa = PBXBuildFile; fileRef = B62D297B191F43B000BA9273 /* MenuTableViewController.m */; };
		B62D297F191F4B4E00BA9273 /* FeedTableViewCell.m in Sources */ = {isa = PBXBuildFile; fileRef = B62D297E191F4B4E00BA9273 /* FeedTableViewCell.m */; };
		B62D29821920257200BA9273 /* SignInViewController.m in Sources */ = {isa = PBXBuildFile; fileRef = B62D29811920257200BA9273 /* SignInViewController.m */; };
		B62D2985192027B300BA9273 /* SignUpViewController.m in Sources */ = {isa = PBXBuildFile; fileRef = B62D2984192027B300BA9273 /* SignUpViewController.m */; };
		B62D298919202D4700BA9273 /* RegistrationService.m in Sources */ = {isa = PBXBuildFile; fileRef = B62D298819202D4700BA9273 /* RegistrationService.m */; };
		B6300F521922E76700BFC417 /* FeedCompositionView.m in Sources */ = {isa = PBXBuildFile; fileRef = B6300F511922E76700BFC417 /* FeedCompositionView.m */; };
		B6300F541922E7E600BFC417 /* FeedCompositionView.xib in Resources */ = {isa = PBXBuildFile; fileRef = B6300F531922E7E600BFC417 /* FeedCompositionView.xib */; };
		B6300F561922EBA700BFC417 /* camera.png in Resources */ = {isa = PBXBuildFile; fileRef = B6300F551922EBA700BFC417 /* camera.png */; };
		B633FE39191EC5A1003E6EC2 /* CreateNewViewController.m in Sources */ = {isa = PBXBuildFile; fileRef = B633FE38191EC5A1003E6EC2 /* CreateNewViewController.m */; };
		B66779E119160ADD0093DDC2 /* Feed.m in Sources */ = {isa = PBXBuildFile; fileRef = B66779E019160ADD0093DDC2 /* Feed.m */; };
		B66779E4191616A70093DDC2 /* FeedCollectionViewCell.m in Sources */ = {isa = PBXBuildFile; fileRef = B66779E3191616A70093DDC2 /* FeedCollectionViewCell.m */; };
		B66779E7191727350093DDC2 /* FeedService.m in Sources */ = {isa = PBXBuildFile; fileRef = B66779E6191727350093DDC2 /* FeedService.m */; };
		B685D88F1915F2C80016533B /* Foundation.framework in Frameworks */ = {isa = PBXBuildFile; fileRef = B685D88E1915F2C80016533B /* Foundation.framework */; };
		B685D8911915F2C80016533B /* CoreGraphics.framework in Frameworks */ = {isa = PBXBuildFile; fileRef = B685D8901915F2C80016533B /* CoreGraphics.framework */; };
		B685D8931915F2C80016533B /* UIKit.framework in Frameworks */ = {isa = PBXBuildFile; fileRef = B685D8921915F2C80016533B /* UIKit.framework */; };
		B685D8991915F2C80016533B /* InfoPlist.strings in Resources */ = {isa = PBXBuildFile; fileRef = B685D8971915F2C80016533B /* InfoPlist.strings */; };
		B685D89B1915F2C80016533B /* main.m in Sources */ = {isa = PBXBuildFile; fileRef = B685D89A1915F2C80016533B /* main.m */; };
		B685D89F1915F2C80016533B /* AppDelegate.m in Sources */ = {isa = PBXBuildFile; fileRef = B685D89E1915F2C80016533B /* AppDelegate.m */; };
		B685D8A21915F2C80016533B /* Main_iPhone.storyboard in Resources */ = {isa = PBXBuildFile; fileRef = B685D8A01915F2C80016533B /* Main_iPhone.storyboard */; };
		B685D8A51915F2C80016533B /* Main_iPad.storyboard in Resources */ = {isa = PBXBuildFile; fileRef = B685D8A31915F2C80016533B /* Main_iPad.storyboard */; };
		B685D8AA1915F2C80016533B /* Images.xcassets in Resources */ = {isa = PBXBuildFile; fileRef = B685D8A91915F2C80016533B /* Images.xcassets */; };
		B685D8B11915F2C80016533B /* XCTest.framework in Frameworks */ = {isa = PBXBuildFile; fileRef = B685D8B01915F2C80016533B /* XCTest.framework */; };
		B685D8B21915F2C80016533B /* Foundation.framework in Frameworks */ = {isa = PBXBuildFile; fileRef = B685D88E1915F2C80016533B /* Foundation.framework */; };
		B685D8B31915F2C80016533B /* UIKit.framework in Frameworks */ = {isa = PBXBuildFile; fileRef = B685D8921915F2C80016533B /* UIKit.framework */; };
		B685D8BB1915F2C80016533B /* InfoPlist.strings in Resources */ = {isa = PBXBuildFile; fileRef = B685D8B91915F2C80016533B /* InfoPlist.strings */; };
		B685D8BD1915F2C80016533B /* YourCallTests.m in Sources */ = {isa = PBXBuildFile; fileRef = B685D8BC1915F2C80016533B /* YourCallTests.m */; };
		B685D8C81915F3D90016533B /* FeedCollectionViewController.m in Sources */ = {isa = PBXBuildFile; fileRef = B685D8C71915F3D90016533B /* FeedCollectionViewController.m */; };
		B685D8CB1915F9D40016533B /* DataRepository.m in Sources */ = {isa = PBXBuildFile; fileRef = B685D8CA1915F9D40016533B /* DataRepository.m */; };
		B6ACCCC2191F0322003489A9 /* MyFeedsTableViewController.m in Sources */ = {isa = PBXBuildFile; fileRef = B6ACCCC1191F0322003489A9 /* MyFeedsTableViewController.m */; };
/* End PBXBuildFile section */

/* Begin PBXContainerItemProxy section */
		B685D8B41915F2C80016533B /* PBXContainerItemProxy */ = {
			isa = PBXContainerItemProxy;
			containerPortal = B685D8831915F2C80016533B /* Project object */;
			proxyType = 1;
			remoteGlobalIDString = B685D88A1915F2C80016533B;
			remoteInfo = YourCall;
		};
/* End PBXContainerItemProxy section */

/* Begin PBXFileReference section */
		20C7670A8EC84AD0A1CBA987 /* libPods-YourCall.a */ = {isa = PBXFileReference; explicitFileType = archive.ar; includeInIndex = 0; path = "libPods-YourCall.a"; sourceTree = BUILT_PRODUCTS_DIR; };
		B616D3FA191ECBA100E97162 /* placeholder.jpg */ = {isa = PBXFileReference; lastKnownFileType = image.jpeg; path = placeholder.jpg; sourceTree = "<group>"; };
		B62D297A191F43B000BA9273 /* MenuTableViewController.h */ = {isa = PBXFileReference; fileEncoding = 4; lastKnownFileType = sourcecode.c.h; path = MenuTableViewController.h; sourceTree = "<group>"; };
		B62D297B191F43B000BA9273 /* MenuTableViewController.m */ = {isa = PBXFileReference; fileEncoding = 4; lastKnownFileType = sourcecode.c.objc; path = MenuTableViewController.m; sourceTree = "<group>"; };
		B62D297D191F4B4E00BA9273 /* FeedTableViewCell.h */ = {isa = PBXFileReference; fileEncoding = 4; lastKnownFileType = sourcecode.c.h; path = FeedTableViewCell.h; sourceTree = "<group>"; };
		B62D297E191F4B4E00BA9273 /* FeedTableViewCell.m */ = {isa = PBXFileReference; fileEncoding = 4; lastKnownFileType = sourcecode.c.objc; path = FeedTableViewCell.m; sourceTree = "<group>"; };
		B62D29801920257200BA9273 /* SignInViewController.h */ = {isa = PBXFileReference; fileEncoding = 4; lastKnownFileType = sourcecode.c.h; path = SignInViewController.h; sourceTree = "<group>"; };
		B62D29811920257200BA9273 /* SignInViewController.m */ = {isa = PBXFileReference; fileEncoding = 4; lastKnownFileType = sourcecode.c.objc; path = SignInViewController.m; sourceTree = "<group>"; };
		B62D2983192027B300BA9273 /* SignUpViewController.h */ = {isa = PBXFileReference; fileEncoding = 4; lastKnownFileType = sourcecode.c.h; path = SignUpViewController.h; sourceTree = "<group>"; };
		B62D2984192027B300BA9273 /* SignUpViewController.m */ = {isa = PBXFileReference; fileEncoding = 4; lastKnownFileType = sourcecode.c.objc; path = SignUpViewController.m; sourceTree = "<group>"; };
		B62D298719202D4700BA9273 /* RegistrationService.h */ = {isa = PBXFileReference; fileEncoding = 4; lastKnownFileType = sourcecode.c.h; path = RegistrationService.h; sourceTree = "<group>"; };
		B62D298819202D4700BA9273 /* RegistrationService.m */ = {isa = PBXFileReference; fileEncoding = 4; lastKnownFileType = sourcecode.c.objc; path = RegistrationService.m; sourceTree = "<group>"; };
		B6300F501922E76700BFC417 /* FeedCompositionView.h */ = {isa = PBXFileReference; fileEncoding = 4; lastKnownFileType = sourcecode.c.h; path = FeedCompositionView.h; sourceTree = "<group>"; };
		B6300F511922E76700BFC417 /* FeedCompositionView.m */ = {isa = PBXFileReference; fileEncoding = 4; lastKnownFileType = sourcecode.c.objc; path = FeedCompositionView.m; sourceTree = "<group>"; };
		B6300F531922E7E600BFC417 /* FeedCompositionView.xib */ = {isa = PBXFileReference; fileEncoding = 4; lastKnownFileType = file.xib; path = FeedCompositionView.xib; sourceTree = "<group>"; };
		B6300F551922EBA700BFC417 /* camera.png */ = {isa = PBXFileReference; lastKnownFileType = image.png; path = camera.png; sourceTree = "<group>"; };
		B633FE37191EC5A1003E6EC2 /* CreateNewViewController.h */ = {isa = PBXFileReference; fileEncoding = 4; lastKnownFileType = sourcecode.c.h; path = CreateNewViewController.h; sourceTree = "<group>"; };
		B633FE38191EC5A1003E6EC2 /* CreateNewViewController.m */ = {isa = PBXFileReference; fileEncoding = 4; lastKnownFileType = sourcecode.c.objc; path = CreateNewViewController.m; sourceTree = "<group>"; };
		B66779DF19160ADD0093DDC2 /* Feed.h */ = {isa = PBXFileReference; fileEncoding = 4; lastKnownFileType = sourcecode.c.h; path = Feed.h; sourceTree = "<group>"; };
		B66779E019160ADD0093DDC2 /* Feed.m */ = {isa = PBXFileReference; fileEncoding = 4; lastKnownFileType = sourcecode.c.objc; path = Feed.m; sourceTree = "<group>"; };
		B66779E2191616A70093DDC2 /* FeedCollectionViewCell.h */ = {isa = PBXFileReference; fileEncoding = 4; lastKnownFileType = sourcecode.c.h; path = FeedCollectionViewCell.h; sourceTree = "<group>"; };
		B66779E3191616A70093DDC2 /* FeedCollectionViewCell.m */ = {isa = PBXFileReference; fileEncoding = 4; lastKnownFileType = sourcecode.c.objc; path = FeedCollectionViewCell.m; sourceTree = "<group>"; };
		B66779E5191727350093DDC2 /* FeedService.h */ = {isa = PBXFileReference; fileEncoding = 4; lastKnownFileType = sourcecode.c.h; path = FeedService.h; sourceTree = "<group>"; };
		B66779E6191727350093DDC2 /* FeedService.m */ = {isa = PBXFileReference; fileEncoding = 4; lastKnownFileType = sourcecode.c.objc; path = FeedService.m; sourceTree = "<group>"; };
		B685D88B1915F2C80016533B /* YourCall.app */ = {isa = PBXFileReference; explicitFileType = wrapper.application; includeInIndex = 0; path = YourCall.app; sourceTree = BUILT_PRODUCTS_DIR; };
		B685D88E1915F2C80016533B /* Foundation.framework */ = {isa = PBXFileReference; lastKnownFileType = wrapper.framework; name = Foundation.framework; path = System/Library/Frameworks/Foundation.framework; sourceTree = SDKROOT; };
		B685D8901915F2C80016533B /* CoreGraphics.framework */ = {isa = PBXFileReference; lastKnownFileType = wrapper.framework; name = CoreGraphics.framework; path = System/Library/Frameworks/CoreGraphics.framework; sourceTree = SDKROOT; };
		B685D8921915F2C80016533B /* UIKit.framework */ = {isa = PBXFileReference; lastKnownFileType = wrapper.framework; name = UIKit.framework; path = System/Library/Frameworks/UIKit.framework; sourceTree = SDKROOT; };
		B685D8961915F2C80016533B /* YourCall-Info.plist */ = {isa = PBXFileReference; lastKnownFileType = text.plist.xml; path = "YourCall-Info.plist"; sourceTree = "<group>"; };
		B685D8981915F2C80016533B /* en */ = {isa = PBXFileReference; lastKnownFileType = text.plist.strings; name = en; path = en.lproj/InfoPlist.strings; sourceTree = "<group>"; };
		B685D89A1915F2C80016533B /* main.m */ = {isa = PBXFileReference; lastKnownFileType = sourcecode.c.objc; path = main.m; sourceTree = "<group>"; };
		B685D89C1915F2C80016533B /* YourCall-Prefix.pch */ = {isa = PBXFileReference; lastKnownFileType = sourcecode.c.h; path = "YourCall-Prefix.pch"; sourceTree = "<group>"; };
		B685D89D1915F2C80016533B /* AppDelegate.h */ = {isa = PBXFileReference; lastKnownFileType = sourcecode.c.h; path = AppDelegate.h; sourceTree = "<group>"; };
		B685D89E1915F2C80016533B /* AppDelegate.m */ = {isa = PBXFileReference; lastKnownFileType = sourcecode.c.objc; path = AppDelegate.m; sourceTree = "<group>"; };
		B685D8A11915F2C80016533B /* Base */ = {isa = PBXFileReference; lastKnownFileType = file.storyboard; name = Base; path = Base.lproj/Main_iPhone.storyboard; sourceTree = "<group>"; };
		B685D8A41915F2C80016533B /* Base */ = {isa = PBXFileReference; lastKnownFileType = file.storyboard; name = Base; path = Base.lproj/Main_iPad.storyboard; sourceTree = "<group>"; };
		B685D8A91915F2C80016533B /* Images.xcassets */ = {isa = PBXFileReference; lastKnownFileType = folder.assetcatalog; path = Images.xcassets; sourceTree = "<group>"; };
		B685D8AF1915F2C80016533B /* YourCallTests.xctest */ = {isa = PBXFileReference; explicitFileType = wrapper.cfbundle; includeInIndex = 0; path = YourCallTests.xctest; sourceTree = BUILT_PRODUCTS_DIR; };
		B685D8B01915F2C80016533B /* XCTest.framework */ = {isa = PBXFileReference; lastKnownFileType = wrapper.framework; name = XCTest.framework; path = Library/Frameworks/XCTest.framework; sourceTree = DEVELOPER_DIR; };
		B685D8B81915F2C80016533B /* YourCallTests-Info.plist */ = {isa = PBXFileReference; lastKnownFileType = text.plist.xml; path = "YourCallTests-Info.plist"; sourceTree = "<group>"; };
		B685D8BA1915F2C80016533B /* en */ = {isa = PBXFileReference; lastKnownFileType = text.plist.strings; name = en; path = en.lproj/InfoPlist.strings; sourceTree = "<group>"; };
		B685D8BC1915F2C80016533B /* YourCallTests.m */ = {isa = PBXFileReference; lastKnownFileType = sourcecode.c.objc; path = YourCallTests.m; sourceTree = "<group>"; };
		B685D8C61915F3D90016533B /* FeedCollectionViewController.h */ = {isa = PBXFileReference; fileEncoding = 4; lastKnownFileType = sourcecode.c.h; path = FeedCollectionViewController.h; sourceTree = "<group>"; };
		B685D8C71915F3D90016533B /* FeedCollectionViewController.m */ = {isa = PBXFileReference; fileEncoding = 4; lastKnownFileType = sourcecode.c.objc; path = FeedCollectionViewController.m; sourceTree = "<group>"; };
		B685D8C91915F9D40016533B /* DataRepository.h */ = {isa = PBXFileReference; fileEncoding = 4; lastKnownFileType = sourcecode.c.h; path = DataRepository.h; sourceTree = "<group>"; };
		B685D8CA1915F9D40016533B /* DataRepository.m */ = {isa = PBXFileReference; fileEncoding = 4; lastKnownFileType = sourcecode.c.objc; path = DataRepository.m; sourceTree = "<group>"; };
		B6ACCCC0191F0322003489A9 /* MyFeedsTableViewController.h */ = {isa = PBXFileReference; fileEncoding = 4; lastKnownFileType = sourcecode.c.h; path = MyFeedsTableViewController.h; sourceTree = "<group>"; };
		B6ACCCC1191F0322003489A9 /* MyFeedsTableViewController.m */ = {isa = PBXFileReference; fileEncoding = 4; lastKnownFileType = sourcecode.c.objc; path = MyFeedsTableViewController.m; sourceTree = "<group>"; };
		E5FBDEA1925C4E75A700DEFE /* Pods-YourCall.xcconfig */ = {isa = PBXFileReference; includeInIndex = 1; lastKnownFileType = text.xcconfig; name = "Pods-YourCall.xcconfig"; path = "Pods/Pods-YourCall.xcconfig"; sourceTree = "<group>"; };
/* End PBXFileReference section */

/* Begin PBXFrameworksBuildPhase section */
		B685D8881915F2C80016533B /* Frameworks */ = {
			isa = PBXFrameworksBuildPhase;
			buildActionMask = 2147483647;
			files = (
				B685D8911915F2C80016533B /* CoreGraphics.framework in Frameworks */,
				B685D8931915F2C80016533B /* UIKit.framework in Frameworks */,
				B685D88F1915F2C80016533B /* Foundation.framework in Frameworks */,
				14DF48EE2FB942B9A2EADEF4 /* libPods-YourCall.a in Frameworks */,
			);
			runOnlyForDeploymentPostprocessing = 0;
		};
		B685D8AC1915F2C80016533B /* Frameworks */ = {
			isa = PBXFrameworksBuildPhase;
			buildActionMask = 2147483647;
			files = (
				B685D8B11915F2C80016533B /* XCTest.framework in Frameworks */,
				B685D8B31915F2C80016533B /* UIKit.framework in Frameworks */,
				B685D8B21915F2C80016533B /* Foundation.framework in Frameworks */,
			);
			runOnlyForDeploymentPostprocessing = 0;
		};
/* End PBXFrameworksBuildPhase section */

/* Begin PBXGroup section */
		B616D3F9191ECB8800E97162 /* Resources */ = {
			isa = PBXGroup;
			children = (
				B6300F551922EBA700BFC417 /* camera.png */,
				B616D3FA191ECBA100E97162 /* placeholder.jpg */,
			);
			name = Resources;
			sourceTree = "<group>";
		};
		B62D2986192027BC00BA9273 /* Registration */ = {
			isa = PBXGroup;
			children = (
				B62D298719202D4700BA9273 /* RegistrationService.h */,
				B62D298819202D4700BA9273 /* RegistrationService.m */,
				B62D2983192027B300BA9273 /* SignUpViewController.h */,
				B62D2984192027B300BA9273 /* SignUpViewController.m */,
				B62D29801920257200BA9273 /* SignInViewController.h */,
				B62D29811920257200BA9273 /* SignInViewController.m */,
			);
			name = Registration;
			sourceTree = "<group>";
		};
		B6300F57192323E500BFC417 /* External */ = {
			isa = PBXGroup;
			children = (
			);
			name = External;
			sourceTree = "<group>";
		};
		B685D8821915F2C80016533B = {
			isa = PBXGroup;
			children = (
				B685D8941915F2C80016533B /* YourCall */,
				B685D8B61915F2C80016533B /* YourCallTests */,
				B685D88D1915F2C80016533B /* Frameworks */,
				B685D88C1915F2C80016533B /* Products */,
				E5FBDEA1925C4E75A700DEFE /* Pods-YourCall.xcconfig */,
			);
			sourceTree = "<group>";
		};
		B685D88C1915F2C80016533B /* Products */ = {
			isa = PBXGroup;
			children = (
				B685D88B1915F2C80016533B /* YourCall.app */,
				B685D8AF1915F2C80016533B /* YourCallTests.xctest */,
			);
			name = Products;
			sourceTree = "<group>";
		};
		B685D88D1915F2C80016533B /* Frameworks */ = {
			isa = PBXGroup;
			children = (
				B685D88E1915F2C80016533B /* Foundation.framework */,
				B685D8901915F2C80016533B /* CoreGraphics.framework */,
				B685D8921915F2C80016533B /* UIKit.framework */,
				B685D8B01915F2C80016533B /* XCTest.framework */,
				20C7670A8EC84AD0A1CBA987 /* libPods-YourCall.a */,
			);
			name = Frameworks;
			sourceTree = "<group>";
		};
		B685D8941915F2C80016533B /* YourCall */ = {
			isa = PBXGroup;
			children = (
				B6300F57192323E500BFC417 /* External */,
				B62D2986192027BC00BA9273 /* Registration */,
				B616D3F9191ECB8800E97162 /* Resources */,
				B685D89D1915F2C80016533B /* AppDelegate.h */,
				B685D89E1915F2C80016533B /* AppDelegate.m */,
				B685D8A01915F2C80016533B /* Main_iPhone.storyboard */,
				B6300F531922E7E600BFC417 /* FeedCompositionView.xib */,
				B6300F501922E76700BFC417 /* FeedCompositionView.h */,
				B6300F511922E76700BFC417 /* FeedCompositionView.m */,
				B633FE37191EC5A1003E6EC2 /* CreateNewViewController.h */,
				B633FE38191EC5A1003E6EC2 /* CreateNewViewController.m */,
				B66779E2191616A70093DDC2 /* FeedCollectionViewCell.h */,
				B66779E3191616A70093DDC2 /* FeedCollectionViewCell.m */,
				B685D8C61915F3D90016533B /* FeedCollectionViewController.h */,
				B685D8C71915F3D90016533B /* FeedCollectionViewController.m */,
				B685D8A31915F2C80016533B /* Main_iPad.storyboard */,
				B685D8A91915F2C80016533B /* Images.xcassets */,
				B685D8951915F2C80016533B /* Supporting Files */,
				B685D8C91915F9D40016533B /* DataRepository.h */,
				B685D8CA1915F9D40016533B /* DataRepository.m */,
				B66779E5191727350093DDC2 /* FeedService.h */,
				B66779E6191727350093DDC2 /* FeedService.m */,
				B66779DF19160ADD0093DDC2 /* Feed.h */,
				B66779E019160ADD0093DDC2 /* Feed.m */,
				B62D297D191F4B4E00BA9273 /* FeedTableViewCell.h */,
				B62D297E191F4B4E00BA9273 /* FeedTableViewCell.m */,
				B6ACCCC0191F0322003489A9 /* MyFeedsTableViewController.h */,
				B6ACCCC1191F0322003489A9 /* MyFeedsTableViewController.m */,
				B62D297A191F43B000BA9273 /* MenuTableViewController.h */,
				B62D297B191F43B000BA9273 /* MenuTableViewController.m */,
			);
			path = YourCall;
			sourceTree = "<group>";
		};
		B685D8951915F2C80016533B /* Supporting Files */ = {
			isa = PBXGroup;
			children = (
				B685D8961915F2C80016533B /* YourCall-Info.plist */,
				B685D8971915F2C80016533B /* InfoPlist.strings */,
				B685D89A1915F2C80016533B /* main.m */,
				B685D89C1915F2C80016533B /* YourCall-Prefix.pch */,
			);
			name = "Supporting Files";
			sourceTree = "<group>";
		};
		B685D8B61915F2C80016533B /* YourCallTests */ = {
			isa = PBXGroup;
			children = (
				B685D8BC1915F2C80016533B /* YourCallTests.m */,
				B685D8B71915F2C80016533B /* Supporting Files */,
			);
			path = YourCallTests;
			sourceTree = "<group>";
		};
		B685D8B71915F2C80016533B /* Supporting Files */ = {
			isa = PBXGroup;
			children = (
				B685D8B81915F2C80016533B /* YourCallTests-Info.plist */,
				B685D8B91915F2C80016533B /* InfoPlist.strings */,
			);
			name = "Supporting Files";
			sourceTree = "<group>";
		};
/* End PBXGroup section */

/* Begin PBXNativeTarget section */
		B685D88A1915F2C80016533B /* YourCall */ = {
			isa = PBXNativeTarget;
			buildConfigurationList = B685D8C01915F2C80016533B /* Build configuration list for PBXNativeTarget "YourCall" */;
			buildPhases = (
				8FA368FFEEB541669D4C48D9 /* Check Pods Manifest.lock */,
				B685D8871915F2C80016533B /* Sources */,
				B685D8881915F2C80016533B /* Frameworks */,
				B685D8891915F2C80016533B /* Resources */,
				0705C031427A4DD29BC95B24 /* Copy Pods Resources */,
			);
			buildRules = (
			);
			dependencies = (
			);
			name = YourCall;
			productName = YourCall;
			productReference = B685D88B1915F2C80016533B /* YourCall.app */;
			productType = "com.apple.product-type.application";
		};
		B685D8AE1915F2C80016533B /* YourCallTests */ = {
			isa = PBXNativeTarget;
			buildConfigurationList = B685D8C31915F2C80016533B /* Build configuration list for PBXNativeTarget "YourCallTests" */;
			buildPhases = (
				B685D8AB1915F2C80016533B /* Sources */,
				B685D8AC1915F2C80016533B /* Frameworks */,
				B685D8AD1915F2C80016533B /* Resources */,
			);
			buildRules = (
			);
			dependencies = (
				B685D8B51915F2C80016533B /* PBXTargetDependency */,
			);
			name = YourCallTests;
			productName = YourCallTests;
			productReference = B685D8AF1915F2C80016533B /* YourCallTests.xctest */;
			productType = "com.apple.product-type.bundle.unit-test";
		};
/* End PBXNativeTarget section */

/* Begin PBXProject section */
		B685D8831915F2C80016533B /* Project object */ = {
			isa = PBXProject;
			attributes = {
				LastUpgradeCheck = 0510;
				ORGANIZATIONNAME = "Chih-Chiang Wei";
				TargetAttributes = {
					B685D8AE1915F2C80016533B = {
						TestTargetID = B685D88A1915F2C80016533B;
					};
				};
			};
			buildConfigurationList = B685D8861915F2C80016533B /* Build configuration list for PBXProject "YourCall" */;
			compatibilityVersion = "Xcode 3.2";
			developmentRegion = English;
			hasScannedForEncodings = 0;
			knownRegions = (
				en,
				Base,
			);
			mainGroup = B685D8821915F2C80016533B;
			productRefGroup = B685D88C1915F2C80016533B /* Products */;
			projectDirPath = "";
			projectRoot = "";
			targets = (
				B685D88A1915F2C80016533B /* YourCall */,
				B685D8AE1915F2C80016533B /* YourCallTests */,
			);
		};
/* End PBXProject section */

/* Begin PBXResourcesBuildPhase section */
		B685D8891915F2C80016533B /* Resources */ = {
			isa = PBXResourcesBuildPhase;
			buildActionMask = 2147483647;
			files = (
				B685D8A51915F2C80016533B /* Main_iPad.storyboard in Resources */,
				B6300F561922EBA700BFC417 /* camera.png in Resources */,
				B6300F541922E7E600BFC417 /* FeedCompositionView.xib in Resources */,
				B685D8AA1915F2C80016533B /* Images.xcassets in Resources */,
				B685D8A21915F2C80016533B /* Main_iPhone.storyboard in Resources */,
				B616D3FB191ECBA100E97162 /* placeholder.jpg in Resources */,
				B685D8991915F2C80016533B /* InfoPlist.strings in Resources */,
			);
			runOnlyForDeploymentPostprocessing = 0;
		};
		B685D8AD1915F2C80016533B /* Resources */ = {
			isa = PBXResourcesBuildPhase;
			buildActionMask = 2147483647;
			files = (
				B685D8BB1915F2C80016533B /* InfoPlist.strings in Resources */,
			);
			runOnlyForDeploymentPostprocessing = 0;
		};
/* End PBXResourcesBuildPhase section */

/* Begin PBXShellScriptBuildPhase section */
		0705C031427A4DD29BC95B24 /* Copy Pods Resources */ = {
			isa = PBXShellScriptBuildPhase;
			buildActionMask = 2147483647;
			files = (
			);
			inputPaths = (
			);
			name = "Copy Pods Resources";
			outputPaths = (
			);
			runOnlyForDeploymentPostprocessing = 0;
			shellPath = /bin/sh;
			shellScript = "\"${SRCROOT}/Pods/Pods-YourCall-resources.sh\"\n";
			showEnvVarsInLog = 0;
		};
		8FA368FFEEB541669D4C48D9 /* Check Pods Manifest.lock */ = {
			isa = PBXShellScriptBuildPhase;
			buildActionMask = 2147483647;
			files = (
			);
			inputPaths = (
			);
			name = "Check Pods Manifest.lock";
			outputPaths = (
			);
			runOnlyForDeploymentPostprocessing = 0;
			shellPath = /bin/sh;
			shellScript = "diff \"${PODS_ROOT}/../Podfile.lock\" \"${PODS_ROOT}/Manifest.lock\" > /dev/null\nif [[ $? != 0 ]] ; then\n    cat << EOM\nerror: The sandbox is not in sync with the Podfile.lock. Run 'pod install' or update your CocoaPods installation.\nEOM\n    exit 1\nfi\n";
			showEnvVarsInLog = 0;
		};
/* End PBXShellScriptBuildPhase section */

/* Begin PBXSourcesBuildPhase section */
		B685D8871915F2C80016533B /* Sources */ = {
			isa = PBXSourcesBuildPhase;
			buildActionMask = 2147483647;
			files = (
				B685D8C81915F3D90016533B /* FeedCollectionViewController.m in Sources */,
				B62D297F191F4B4E00BA9273 /* FeedTableViewCell.m in Sources */,
				B6300F521922E76700BFC417 /* FeedCompositionView.m in Sources */,
				B685D89F1915F2C80016533B /* AppDelegate.m in Sources */,
				B633FE39191EC5A1003E6EC2 /* CreateNewViewController.m in Sources */,
				B62D29821920257200BA9273 /* SignInViewController.m in Sources */,
				B66779E4191616A70093DDC2 /* FeedCollectionViewCell.m in Sources */,
				B62D297C191F43B000BA9273 /* MenuTableViewController.m in Sources */,
				B66779E119160ADD0093DDC2 /* Feed.m in Sources */,
				B66779E7191727350093DDC2 /* FeedService.m in Sources */,
				B685D89B1915F2C80016533B /* main.m in Sources */,
				B685D8CB1915F9D40016533B /* DataRepository.m in Sources */,
				B62D2985192027B300BA9273 /* SignUpViewController.m in Sources */,
				B62D298919202D4700BA9273 /* RegistrationService.m in Sources */,
				B6ACCCC2191F0322003489A9 /* MyFeedsTableViewController.m in Sources */,
			);
			runOnlyForDeploymentPostprocessing = 0;
		};
		B685D8AB1915F2C80016533B /* Sources */ = {
			isa = PBXSourcesBuildPhase;
			buildActionMask = 2147483647;
			files = (
				B685D8BD1915F2C80016533B /* YourCallTests.m in Sources */,
			);
			runOnlyForDeploymentPostprocessing = 0;
		};
/* End PBXSourcesBuildPhase section */

/* Begin PBXTargetDependency section */
		B685D8B51915F2C80016533B /* PBXTargetDependency */ = {
			isa = PBXTargetDependency;
			target = B685D88A1915F2C80016533B /* YourCall */;
			targetProxy = B685D8B41915F2C80016533B /* PBXContainerItemProxy */;
		};
/* End PBXTargetDependency section */

/* Begin PBXVariantGroup section */
		B685D8971915F2C80016533B /* InfoPlist.strings */ = {
			isa = PBXVariantGroup;
			children = (
				B685D8981915F2C80016533B /* en */,
			);
			name = InfoPlist.strings;
			sourceTree = "<group>";
		};
		B685D8A01915F2C80016533B /* Main_iPhone.storyboard */ = {
			isa = PBXVariantGroup;
			children = (
				B685D8A11915F2C80016533B /* Base */,
			);
			name = Main_iPhone.storyboard;
			sourceTree = "<group>";
		};
		B685D8A31915F2C80016533B /* Main_iPad.storyboard */ = {
			isa = PBXVariantGroup;
			children = (
				B685D8A41915F2C80016533B /* Base */,
			);
			name = Main_iPad.storyboard;
			sourceTree = "<group>";
		};
		B685D8B91915F2C80016533B /* InfoPlist.strings */ = {
			isa = PBXVariantGroup;
			children = (
				B685D8BA1915F2C80016533B /* en */,
			);
			name = InfoPlist.strings;
			sourceTree = "<group>";
		};
/* End PBXVariantGroup section */

/* Begin XCBuildConfiguration section */
		B685D8BE1915F2C80016533B /* Debug */ = {
			isa = XCBuildConfiguration;
			buildSettings = {
				ALWAYS_SEARCH_USER_PATHS = NO;
				CLANG_CXX_LANGUAGE_STANDARD = "gnu++0x";
				CLANG_CXX_LIBRARY = "libc++";
				CLANG_ENABLE_MODULES = YES;
				CLANG_ENABLE_OBJC_ARC = YES;
				CLANG_WARN_BOOL_CONVERSION = YES;
				CLANG_WARN_CONSTANT_CONVERSION = YES;
				CLANG_WARN_DIRECT_OBJC_ISA_USAGE = YES_ERROR;
				CLANG_WARN_EMPTY_BODY = YES;
				CLANG_WARN_ENUM_CONVERSION = YES;
				CLANG_WARN_INT_CONVERSION = YES;
				CLANG_WARN_OBJC_ROOT_CLASS = YES_ERROR;
				CLANG_WARN__DUPLICATE_METHOD_MATCH = YES;
				"CODE_SIGN_IDENTITY[sdk=iphoneos*]" = "iPhone Developer";
				COPY_PHASE_STRIP = NO;
				GCC_C_LANGUAGE_STANDARD = gnu99;
				GCC_DYNAMIC_NO_PIC = NO;
				GCC_OPTIMIZATION_LEVEL = 0;
				GCC_PREPROCESSOR_DEFINITIONS = (
					"DEBUG=1",
					"$(inherited)",
				);
				GCC_SYMBOLS_PRIVATE_EXTERN = NO;
				GCC_WARN_64_TO_32_BIT_CONVERSION = YES;
				GCC_WARN_ABOUT_RETURN_TYPE = YES_ERROR;
				GCC_WARN_UNDECLARED_SELECTOR = YES;
				GCC_WARN_UNINITIALIZED_AUTOS = YES_AGGRESSIVE;
				GCC_WARN_UNUSED_FUNCTION = YES;
				GCC_WARN_UNUSED_VARIABLE = YES;
				IPHONEOS_DEPLOYMENT_TARGET = 7.1;
				ONLY_ACTIVE_ARCH = YES;
				SDKROOT = iphoneos;
				TARGETED_DEVICE_FAMILY = "1,2";
			};
			name = Debug;
		};
		B685D8BF1915F2C80016533B /* Release */ = {
			isa = XCBuildConfiguration;
			buildSettings = {
				ALWAYS_SEARCH_USER_PATHS = NO;
				CLANG_CXX_LANGUAGE_STANDARD = "gnu++0x";
				CLANG_CXX_LIBRARY = "libc++";
				CLANG_ENABLE_MODULES = YES;
				CLANG_ENABLE_OBJC_ARC = YES;
				CLANG_WARN_BOOL_CONVERSION = YES;
				CLANG_WARN_CONSTANT_CONVERSION = YES;
				CLANG_WARN_DIRECT_OBJC_ISA_USAGE = YES_ERROR;
				CLANG_WARN_EMPTY_BODY = YES;
				CLANG_WARN_ENUM_CONVERSION = YES;
				CLANG_WARN_INT_CONVERSION = YES;
				CLANG_WARN_OBJC_ROOT_CLASS = YES_ERROR;
				CLANG_WARN__DUPLICATE_METHOD_MATCH = YES;
				"CODE_SIGN_IDENTITY[sdk=iphoneos*]" = "iPhone Developer";
				COPY_PHASE_STRIP = YES;
				ENABLE_NS_ASSERTIONS = NO;
				GCC_C_LANGUAGE_STANDARD = gnu99;
				GCC_WARN_64_TO_32_BIT_CONVERSION = YES;
				GCC_WARN_ABOUT_RETURN_TYPE = YES_ERROR;
				GCC_WARN_UNDECLARED_SELECTOR = YES;
				GCC_WARN_UNINITIALIZED_AUTOS = YES_AGGRESSIVE;
				GCC_WARN_UNUSED_FUNCTION = YES;
				GCC_WARN_UNUSED_VARIABLE = YES;
				IPHONEOS_DEPLOYMENT_TARGET = 7.1;
				SDKROOT = iphoneos;
				TARGETED_DEVICE_FAMILY = "1,2";
				VALIDATE_PRODUCT = YES;
			};
			name = Release;
		};
		B685D8C11915F2C80016533B /* Debug */ = {
			isa = XCBuildConfiguration;
			baseConfigurationReference = E5FBDEA1925C4E75A700DEFE /* Pods-YourCall.xcconfig */;
			buildSettings = {
				ASSETCATALOG_COMPILER_APPICON_NAME = AppIcon;
				ASSETCATALOG_COMPILER_LAUNCHIMAGE_NAME = LaunchImage;
				GCC_PRECOMPILE_PREFIX_HEADER = YES;
				GCC_PREFIX_HEADER = "YourCall/YourCall-Prefix.pch";
				INFOPLIST_FILE = "YourCall/YourCall-Info.plist";
				IPHONEOS_DEPLOYMENT_TARGET = 7.0;
				PRODUCT_NAME = "$(TARGET_NAME)";
				WRAPPER_EXTENSION = app;
			};
			name = Debug;
		};
		B685D8C21915F2C80016533B /* Release */ = {
			isa = XCBuildConfiguration;
			baseConfigurationReference = E5FBDEA1925C4E75A700DEFE /* Pods-YourCall.xcconfig */;
			buildSettings = {
				ASSETCATALOG_COMPILER_APPICON_NAME = AppIcon;
				ASSETCATALOG_COMPILER_LAUNCHIMAGE_NAME = LaunchImage;
				GCC_PRECOMPILE_PREFIX_HEADER = YES;
				GCC_PREFIX_HEADER = "YourCall/YourCall-Prefix.pch";
				INFOPLIST_FILE = "YourCall/YourCall-Info.plist";
				IPHONEOS_DEPLOYMENT_TARGET = 7.0;
				PRODUCT_NAME = "$(TARGET_NAME)";
				WRAPPER_EXTENSION = app;
			};
			name = Release;
		};
		B685D8C41915F2C80016533B /* Debug */ = {
			isa = XCBuildConfiguration;
			buildSettings = {
				BUNDLE_LOADER = "$(BUILT_PRODUCTS_DIR)/YourCall.app/YourCall";
				FRAMEWORK_SEARCH_PATHS = (
					"$(SDKROOT)/Developer/Library/Frameworks",
					"$(inherited)",
					"$(DEVELOPER_FRAMEWORKS_DIR)",
				);
				GCC_PRECOMPILE_PREFIX_HEADER = YES;
				GCC_PREFIX_HEADER = "YourCall/YourCall-Prefix.pch";
				GCC_PREPROCESSOR_DEFINITIONS = (
					"DEBUG=1",
					"$(inherited)",
				);
				INFOPLIST_FILE = "YourCallTests/YourCallTests-Info.plist";
				PRODUCT_NAME = "$(TARGET_NAME)";
				TEST_HOST = "$(BUNDLE_LOADER)";
				WRAPPER_EXTENSION = xctest;
			};
			name = Debug;
		};
		B685D8C51915F2C80016533B /* Release */ = {
			isa = XCBuildConfiguration;
			buildSettings = {
				BUNDLE_LOADER = "$(BUILT_PRODUCTS_DIR)/YourCall.app/YourCall";
				FRAMEWORK_SEARCH_PATHS = (
					"$(SDKROOT)/Developer/Library/Frameworks",
					"$(inherited)",
					"$(DEVELOPER_FRAMEWORKS_DIR)",
				);
				GCC_PRECOMPILE_PREFIX_HEADER = YES;
				GCC_PREFIX_HEADER = "YourCall/YourCall-Prefix.pch";
				INFOPLIST_FILE = "YourCallTests/YourCallTests-Info.plist";
				PRODUCT_NAME = "$(TARGET_NAME)";
				TEST_HOST = "$(BUNDLE_LOADER)";
				WRAPPER_EXTENSION = xctest;
			};
			name = Release;
		};
/* End XCBuildConfiguration section */

/* Begin XCConfigurationList section */
		B685D8861915F2C80016533B /* Build configuration list for PBXProject "YourCall" */ = {
			isa = XCConfigurationList;
			buildConfigurations = (
				B685D8BE1915F2C80016533B /* Debug */,
				B685D8BF1915F2C80016533B /* Release */,
			);
			defaultConfigurationIsVisible = 0;
			defaultConfigurationName = Release;
		};
		B685D8C01915F2C80016533B /* Build configuration list for PBXNativeTarget "YourCall" */ = {
			isa = XCConfigurationList;
			buildConfigurations = (
				B685D8C11915F2C80016533B /* Debug */,
				B685D8C21915F2C80016533B /* Release */,
			);
			defaultConfigurationIsVisible = 0;
			defaultConfigurationName = Release;
		};
		B685D8C31915F2C80016533B /* Build configuration list for PBXNativeTarget "YourCallTests" */ = {
			isa = XCConfigurationList;
			buildConfigurations = (
				B685D8C41915F2C80016533B /* Debug */,
				B685D8C51915F2C80016533B /* Release */,
			);
			defaultConfigurationIsVisible = 0;
			defaultConfigurationName = Release;
		};
/* End XCConfigurationList section */
	};
	rootObject = B685D8831915F2C80016533B /* Project object */;
}
